
Microsoft Visual Studio Solution File, Format Version 10.00
# Visual Studio 2008
Project("{8BC9CEB8-8B4A-11D0-8D11-00A0C91BC942}") = "bbb", "sies_winlib.vcproj", "{6ED8A05D-D030-4BEE-98B6-CCF1D64D9BCE}"
EndProject
Global
	GlobalSection(SolutionConfigurationPlatforms) = preSolution
		Debug|Win32 = Debug|Win32
		Release|Win32 = Release|Win32
	EndGlobalSection
	GlobalSection(ProjectConfigurationPlatforms) = postSolution
		{6ED8A05D-D030-4BEE-98B6-CCF1D64D9BCE}.Debug|Win32.ActiveCfg = Debug|Win32
		{6ED8A05D-D030-4BEE-98B6-CCF1D64D9BCE}.Debug|Win32.Build.0 = Debug|Win32
		{6ED8A05D-D030-4BEE-98B6-CCF1D64D9BCE}.Release|Win32.ActiveCfg = Release|Win32
		{6ED8A05D-D030-4BEE-98B6-CCF1D64D9BCE}.Release|Win32.Build.0 = Release|Win32
	EndGlobalSection
	GlobalSection(SolutionProperties) = preSolution
		HideSolutionNode = FALSE
	EndGlobalSection
EndGlobal
